// !$*UTF8*$!
{
	archiveVersion = 1;
	classes = {
	};
	objectVersion = 51;
	objects = {

/* Begin PBXBuildFile section */
		6770B4642467984700085309 /* CategoryViewController.swift in Sources */ = {isa = PBXBuildFile; fileRef = 6770B4632467984700085309 /* CategoryViewController.swift */; };
		67A98DB02469734700A131F1 /* Item.swift in Sources */ = {isa = PBXBuildFile; fileRef = 67A98DAF2469734700A131F1 /* Item.swift */; };
		67A98DB22469735500A131F1 /* Category.swift in Sources */ = {isa = PBXBuildFile; fileRef = 67A98DB12469735500A131F1 /* Category.swift */; };
		67A98DB4246A466C00A131F1 /* SwipeTableViewController.swift in Sources */ = {isa = PBXBuildFile; fileRef = 67A98DB3246A466C00A131F1 /* SwipeTableViewController.swift */; };
		67EFDC322464889800531D93 /* AppDelegate.swift in Sources */ = {isa = PBXBuildFile; fileRef = 67EFDC312464889800531D93 /* AppDelegate.swift */; };
		67EFDC342464889800531D93 /* SceneDelegate.swift in Sources */ = {isa = PBXBuildFile; fileRef = 67EFDC332464889800531D93 /* SceneDelegate.swift */; };
		67EFDC362464889800531D93 /* TodoListViewController.swift in Sources */ = {isa = PBXBuildFile; fileRef = 67EFDC352464889800531D93 /* TodoListViewController.swift */; };
		67EFDC392464889800531D93 /* Main.storyboard in Resources */ = {isa = PBXBuildFile; fileRef = 67EFDC372464889800531D93 /* Main.storyboard */; };
		67EFDC3B2464889900531D93 /* Assets.xcassets in Resources */ = {isa = PBXBuildFile; fileRef = 67EFDC3A2464889900531D93 /* Assets.xcassets */; };
		67EFDC3E2464889900531D93 /* LaunchScreen.storyboard in Resources */ = {isa = PBXBuildFile; fileRef = 67EFDC3C2464889900531D93 /* LaunchScreen.storyboard */; };
		FB44171717D425319B4388F1 /* Pods_CheckIt.framework in Frameworks */ = {isa = PBXBuildFile; fileRef = CF373131753D9176ED6F78B5 /* Pods_CheckIt.framework */; };
/* End PBXBuildFile section */

/* Begin PBXFileReference section */
		05B0007EB6DCC5CF177B0372 /* Pods-CheckIt.debug.xcconfig */ = {isa = PBXFileReference; includeInIndex = 1; lastKnownFileType = text.xcconfig; name = "Pods-CheckIt.debug.xcconfig"; path = "Target Support Files/Pods-CheckIt/Pods-CheckIt.debug.xcconfig"; sourceTree = "<group>"; };
		6770B4632467984700085309 /* CategoryViewController.swift */ = {isa = PBXFileReference; lastKnownFileType = sourcecode.swift; path = CategoryViewController.swift; sourceTree = "<group>"; };
		67A98DAF2469734700A131F1 /* Item.swift */ = {isa = PBXFileReference; lastKnownFileType = sourcecode.swift; path = Item.swift; sourceTree = "<group>"; };
		67A98DB12469735500A131F1 /* Category.swift */ = {isa = PBXFileReference; lastKnownFileType = sourcecode.swift; path = Category.swift; sourceTree = "<group>"; };
		67A98DB3246A466C00A131F1 /* SwipeTableViewController.swift */ = {isa = PBXFileReference; lastKnownFileType = sourcecode.swift; path = SwipeTableViewController.swift; sourceTree = "<group>"; };
		67EFDC2E2464889800531D93 /* CheckIt.app */ = {isa = PBXFileReference; explicitFileType = wrapper.application; includeInIndex = 0; path = CheckIt.app; sourceTree = BUILT_PRODUCTS_DIR; };
		67EFDC312464889800531D93 /* AppDelegate.swift */ = {isa = PBXFileReference; lastKnownFileType = sourcecode.swift; path = AppDelegate.swift; sourceTree = "<group>"; };
		67EFDC332464889800531D93 /* SceneDelegate.swift */ = {isa = PBXFileReference; lastKnownFileType = sourcecode.swift; path = SceneDelegate.swift; sourceTree = "<group>"; };
		67EFDC352464889800531D93 /* TodoListViewController.swift */ = {isa = PBXFileReference; lastKnownFileType = sourcecode.swift; path = TodoListViewController.swift; sourceTree = "<group>"; };
		67EFDC382464889800531D93 /* Base */ = {isa = PBXFileReference; lastKnownFileType = file.storyboard; name = Base; path = Base.lproj/Main.storyboard; sourceTree = "<group>"; };
		67EFDC3A2464889900531D93 /* Assets.xcassets */ = {isa = PBXFileReference; lastKnownFileType = folder.assetcatalog; path = Assets.xcassets; sourceTree = "<group>"; };
		67EFDC3D2464889900531D93 /* Base */ = {isa = PBXFileReference; lastKnownFileType = file.storyboard; name = Base; path = Base.lproj/LaunchScreen.storyboard; sourceTree = "<group>"; };
		67EFDC3F2464889900531D93 /* Info.plist */ = {isa = PBXFileReference; lastKnownFileType = text.plist.xml; path = Info.plist; sourceTree = "<group>"; };
		67EFDC4524648C1400531D93 /* README.md */ = {isa = PBXFileReference; lastKnownFileType = net.daringfireball.markdown; path = README.md; sourceTree = "<group>"; };
		CF373131753D9176ED6F78B5 /* Pods_CheckIt.framework */ = {isa = PBXFileReference; explicitFileType = wrapper.framework; includeInIndex = 0; path = Pods_CheckIt.framework; sourceTree = BUILT_PRODUCTS_DIR; };
		FDA069BDC8E087DF99932721 /* Pods-CheckIt.release.xcconfig */ = {isa = PBXFileReference; includeInIndex = 1; lastKnownFileType = text.xcconfig; name = "Pods-CheckIt.release.xcconfig"; path = "Target Support Files/Pods-CheckIt/Pods-CheckIt.release.xcconfig"; sourceTree = "<group>"; };
/* End PBXFileReference section */

/* Begin PBXFrameworksBuildPhase section */
		67EFDC2B2464889800531D93 /* Frameworks */ = {
			isa = PBXFrameworksBuildPhase;
			buildActionMask = 2147483647;
			files = (
				FB44171717D425319B4388F1 /* Pods_CheckIt.framework in Frameworks */,
			);
			runOnlyForDeploymentPostprocessing = 0;
		};
/* End PBXFrameworksBuildPhase section */

/* Begin PBXGroup section */
		26A16D8447FA8ED19B83EE9F /* Pods */ = {
			isa = PBXGroup;
			children = (
				05B0007EB6DCC5CF177B0372 /* Pods-CheckIt.debug.xcconfig */,
				FDA069BDC8E087DF99932721 /* Pods-CheckIt.release.xcconfig */,
			);
			path = Pods;
			sourceTree = "<group>";
		};
		4C733F325DFBCD8AD6E3584D /* Frameworks */ = {
			isa = PBXGroup;
			children = (
				CF373131753D9176ED6F78B5 /* Pods_CheckIt.framework */,
			);
			name = Frameworks;
			sourceTree = "<group>";
		};
		67EFDC252464889800531D93 = {
			isa = PBXGroup;
			children = (
				67EFDC4524648C1400531D93 /* README.md */,
				67EFDC302464889800531D93 /* CheckIt */,
				67EFDC2F2464889800531D93 /* Products */,
				26A16D8447FA8ED19B83EE9F /* Pods */,
				4C733F325DFBCD8AD6E3584D /* Frameworks */,
			);
			sourceTree = "<group>";
		};
		67EFDC2F2464889800531D93 /* Products */ = {
			isa = PBXGroup;
			children = (
				67EFDC2E2464889800531D93 /* CheckIt.app */,
			);
			name = Products;
			sourceTree = "<group>";
		};
		67EFDC302464889800531D93 /* CheckIt */ = {
			isa = PBXGroup;
			children = (
				67EFDC4C2465F1C400531D93 /* Application Delegates */,
				67EFDC492465F10A00531D93 /* Model */,
				67EFDC472465F0F800531D93 /* View */,
				67EFDC482465F10100531D93 /* Contoller */,
				67EFDC3F2464889900531D93 /* Info.plist */,
				67EFDC4E2465F21100531D93 /* Supporting Files */,
			);
			path = CheckIt;
			sourceTree = "<group>";
		};
		67EFDC472465F0F800531D93 /* View */ = {
			isa = PBXGroup;
			children = (
				67EFDC372464889800531D93 /* Main.storyboard */,
				67EFDC3C2464889900531D93 /* LaunchScreen.storyboard */,
			);
			path = View;
			sourceTree = "<group>";
		};
		67EFDC482465F10100531D93 /* Contoller */ = {
			isa = PBXGroup;
			children = (
				6770B4632467984700085309 /* CategoryViewController.swift */,
				67EFDC352464889800531D93 /* TodoListViewController.swift */,
				67A98DB3246A466C00A131F1 /* SwipeTableViewController.swift */,
			);
			path = Contoller;
			sourceTree = "<group>";
		};
		67EFDC492465F10A00531D93 /* Model */ = {
			isa = PBXGroup;
			children = (
				67A98DB12469735500A131F1 /* Category.swift */,
				67A98DAF2469734700A131F1 /* Item.swift */,
			);
			path = Model;
			sourceTree = "<group>";
		};
		67EFDC4C2465F1C400531D93 /* Application Delegates */ = {
			isa = PBXGroup;
			children = (
				67EFDC332464889800531D93 /* SceneDelegate.swift */,
				67EFDC312464889800531D93 /* AppDelegate.swift */,
			);
			path = "Application Delegates";
			sourceTree = "<group>";
		};
		67EFDC4E2465F21100531D93 /* Supporting Files */ = {
			isa = PBXGroup;
			children = (
				67EFDC3A2464889900531D93 /* Assets.xcassets */,
			);
			path = "Supporting Files";
			sourceTree = "<group>";
		};
/* End PBXGroup section */

/* Begin PBXNativeTarget section */
		67EFDC2D2464889800531D93 /* CheckIt */ = {
			isa = PBXNativeTarget;
			buildConfigurationList = 67EFDC422464889900531D93 /* Build configuration list for PBXNativeTarget "CheckIt" */;
			buildPhases = (
				0D62EF131E761BE8E4CA1FB2 /* [CP] Check Pods Manifest.lock */,
				67EFDC2A2464889800531D93 /* Sources */,
				67EFDC2B2464889800531D93 /* Frameworks */,
				67EFDC2C2464889800531D93 /* Resources */,
				75D04C5F7F69BA1441376D57 /* [CP] Embed Pods Frameworks */,
			);
			buildRules = (
			);
			dependencies = (
			);
			name = CheckIt;
			productName = CheckIt;
			productReference = 67EFDC2E2464889800531D93 /* CheckIt.app */;
			productType = "com.apple.product-type.application";
		};
/* End PBXNativeTarget section */

/* Begin PBXProject section */
		67EFDC262464889800531D93 /* Project object */ = {
			isa = PBXProject;
			attributes = {
				LastSwiftUpdateCheck = 1140;
				LastUpgradeCheck = 1140;
				ORGANIZATIONNAME = "Taylor Patterson";
				TargetAttributes = {
					67EFDC2D2464889800531D93 = {
						CreatedOnToolsVersion = 11.4.1;
					};
				};
			};
			buildConfigurationList = 67EFDC292464889800531D93 /* Build configuration list for PBXProject "CheckIt" */;
			compatibilityVersion = "Xcode 9.3";
			developmentRegion = en;
			hasScannedForEncodings = 0;
			knownRegions = (
				en,
				Base,
			);
			mainGroup = 67EFDC252464889800531D93;
			productRefGroup = 67EFDC2F2464889800531D93 /* Products */;
			projectDirPath = "";
			projectRoot = "";
			targets = (
				67EFDC2D2464889800531D93 /* CheckIt */,
			);
		};
/* End PBXProject section */

/* Begin PBXResourcesBuildPhase section */
		67EFDC2C2464889800531D93 /* Resources */ = {
			isa = PBXResourcesBuildPhase;
			buildActionMask = 2147483647;
			files = (
				67EFDC3E2464889900531D93 /* LaunchScreen.storyboard in Resources */,
				67EFDC3B2464889900531D93 /* Assets.xcassets in Resources */,
				67EFDC392464889800531D93 /* Main.storyboard in Resources */,
			);
			runOnlyForDeploymentPostprocessing = 0;
		};
/* End PBXResourcesBuildPhase section */

/* Begin PBXShellScriptBuildPhase section */
		0D62EF131E761BE8E4CA1FB2 /* [CP] Check Pods Manifest.lock */ = {
			isa = PBXShellScriptBuildPhase;
			buildActionMask = 2147483647;
			files = (
			);
			inputFileListPaths = (
			);
			inputPaths = (
				"${PODS_PODFILE_DIR_PATH}/Podfile.lock",
				"${PODS_ROOT}/Manifest.lock",
			);
			name = "[CP] Check Pods Manifest.lock";
			outputFileListPaths = (
			);
			outputPaths = (
				"$(DERIVED_FILE_DIR)/Pods-CheckIt-checkManifestLockResult.txt",
			);
			runOnlyForDeploymentPostprocessing = 0;
			shellPath = /bin/sh;
			shellScript = "diff \"${PODS_PODFILE_DIR_PATH}/Podfile.lock\" \"${PODS_ROOT}/Manifest.lock\" > /dev/null\nif [ $? != 0 ] ; then\n    # print error to STDERR\n    echo \"error: The sandbox is not in sync with the Podfile.lock. Run 'pod install' or update your CocoaPods installation.\" >&2\n    exit 1\nfi\n# This output is used by Xcode 'outputs' to avoid re-running this script phase.\necho \"SUCCESS\" > \"${SCRIPT_OUTPUT_FILE_0}\"\n";
			showEnvVarsInLog = 0;
		};
		75D04C5F7F69BA1441376D57 /* [CP] Embed Pods Frameworks */ = {
			isa = PBXShellScriptBuildPhase;
			buildActionMask = 2147483647;
			files = (
			);
			inputFileListPaths = (
				"${PODS_ROOT}/Target Support Files/Pods-CheckIt/Pods-CheckIt-frameworks-${CONFIGURATION}-input-files.xcfilelist",
			);
			name = "[CP] Embed Pods Frameworks";
			outputFileListPaths = (
				"${PODS_ROOT}/Target Support Files/Pods-CheckIt/Pods-CheckIt-frameworks-${CONFIGURATION}-output-files.xcfilelist",
			);
			runOnlyForDeploymentPostprocessing = 0;
			shellPath = /bin/sh;
			shellScript = "\"${PODS_ROOT}/Target Support Files/Pods-CheckIt/Pods-CheckIt-frameworks.sh\"\n";
			showEnvVarsInLog = 0;
		};
/* End PBXShellScriptBuildPhase section */

/* Begin PBXSourcesBuildPhase section */
		67EFDC2A2464889800531D93 /* Sources */ = {
			isa = PBXSourcesBuildPhase;
			buildActionMask = 2147483647;
			files = (
				6770B4642467984700085309 /* CategoryViewController.swift in Sources */,
				67EFDC362464889800531D93 /* TodoListViewController.swift in Sources */,
				67EFDC322464889800531D93 /* AppDelegate.swift in Sources */,
				67A98DB4246A466C00A131F1 /* SwipeTableViewController.swift in Sources */,
				67A98DB02469734700A131F1 /* Item.swift in Sources */,
				67EFDC342464889800531D93 /* SceneDelegate.swift in Sources */,
				67A98DB22469735500A131F1 /* Category.swift in Sources */,
			);
			runOnlyForDeploymentPostprocessing = 0;
		};
/* End PBXSourcesBuildPhase section */

/* Begin PBXVariantGroup section */
		67EFDC372464889800531D93 /* Main.storyboard */ = {
			isa = PBXVariantGroup;
			children = (
				67EFDC382464889800531D93 /* Base */,
			);
			name = Main.storyboard;
			sourceTree = "<group>";
		};
		67EFDC3C2464889900531D93 /* LaunchScreen.storyboard */ = {
			isa = PBXVariantGroup;
			children = (
				67EFDC3D2464889900531D93 /* Base */,
			);
			name = LaunchScreen.storyboard;
			sourceTree = "<group>";
		};
/* End PBXVariantGroup section */

/* Begin XCBuildConfiguration section */
		67EFDC402464889900531D93 /* Debug */ = {
			isa = XCBuildConfiguration;
			buildSettings = {
				ALWAYS_SEARCH_USER_PATHS = NO;
				CLANG_ANALYZER_NONNULL = YES;
				CLANG_ANALYZER_NUMBER_OBJECT_CONVERSION = YES_AGGRESSIVE;
				CLANG_CXX_LANGUAGE_STANDARD = "gnu++14";
				CLANG_CXX_LIBRARY = "libc++";
				CLANG_ENABLE_MODULES = YES;
				CLANG_ENABLE_OBJC_ARC = YES;
				CLANG_ENABLE_OBJC_WEAK = YES;
				CLANG_WARN_BLOCK_CAPTURE_AUTORELEASING = YES;
				CLANG_WARN_BOOL_CONVERSION = YES;
				CLANG_WARN_COMMA = YES;
				CLANG_WARN_CONSTANT_CONVERSION = YES;
				CLANG_WARN_DEPRECATED_OBJC_IMPLEMENTATIONS = YES;
				CLANG_WARN_DIRECT_OBJC_ISA_USAGE = YES_ERROR;
				CLANG_WARN_DOCUMENTATION_COMMENTS = YES;
				CLANG_WARN_EMPTY_BODY = YES;
				CLANG_WARN_ENUM_CONVERSION = YES;
				CLANG_WARN_INFINITE_RECURSION = YES;
				CLANG_WARN_INT_CONVERSION = YES;
				CLANG_WARN_NON_LITERAL_NULL_CONVERSION = YES;
				CLANG_WARN_OBJC_IMPLICIT_RETAIN_SELF = YES;
				CLANG_WARN_OBJC_LITERAL_CONVERSION = YES;
				CLANG_WARN_OBJC_ROOT_CLASS = YES_ERROR;
				CLANG_WARN_RANGE_LOOP_ANALYSIS = YES;
				CLANG_WARN_STRICT_PROTOTYPES = YES;
				CLANG_WARN_SUSPICIOUS_MOVE = YES;
				CLANG_WARN_UNGUARDED_AVAILABILITY = YES_AGGRESSIVE;
				CLANG_WARN_UNREACHABLE_CODE = YES;
				CLANG_WARN__DUPLICATE_METHOD_MATCH = YES;
				COPY_PHASE_STRIP = NO;
				DEBUG_INFORMATION_FORMAT = dwarf;
				ENABLE_STRICT_OBJC_MSGSEND = YES;
				ENABLE_TESTABILITY = YES;
				GCC_C_LANGUAGE_STANDARD = gnu11;
				GCC_DYNAMIC_NO_PIC = NO;
				GCC_NO_COMMON_BLOCKS = YES;
				GCC_OPTIMIZATION_LEVEL = 0;
				GCC_PREPROCESSOR_DEFINITIONS = (
					"DEBUG=1",
					"$(inherited)",
				);
				GCC_WARN_64_TO_32_BIT_CONVERSION = YES;
				GCC_WARN_ABOUT_RETURN_TYPE = YES_ERROR;
				GCC_WARN_UNDECLARED_SELECTOR = YES;
				GCC_WARN_UNINITIALIZED_AUTOS = YES_AGGRESSIVE;
				GCC_WARN_UNUSED_FUNCTION = YES;
				GCC_WARN_UNUSED_VARIABLE = YES;
				IPHONEOS_DEPLOYMENT_TARGET = 13.4;
				MTL_ENABLE_DEBUG_INFO = INCLUDE_SOURCE;
				MTL_FAST_MATH = YES;
				ONLY_ACTIVE_ARCH = YES;
				SDKROOT = iphoneos;
				SWIFT_ACTIVE_COMPILATION_CONDITIONS = DEBUG;
				SWIFT_OPTIMIZATION_LEVEL = "-Onone";
			};
			name = Debug;
		};
		67EFDC412464889900531D93 /* Release */ = {
			isa = XCBuildConfiguration;
			buildSettings = {
				ALWAYS_SEARCH_USER_PATHS = NO;
				CLANG_ANALYZER_NONNULL = YES;
				CLANG_ANALYZER_NUMBER_OBJECT_CONVERSION = YES_AGGRESSIVE;
				CLANG_CXX_LANGUAGE_STANDARD = "gnu++14";
				CLANG_CXX_LIBRARY = "libc++";
				CLANG_ENABLE_MODULES = YES;
				CLANG_ENABLE_OBJC_ARC = YES;
				CLANG_ENABLE_OBJC_WEAK = YES;
				CLANG_WARN_BLOCK_CAPTURE_AUTORELEASING = YES;
				CLANG_WARN_BOOL_CONVERSION = YES;
				CLANG_WARN_COMMA = YES;
				CLANG_WARN_CONSTANT_CONVERSION = YES;
				CLANG_WARN_DEPRECATED_OBJC_IMPLEMENTATIONS = YES;
				CLANG_WARN_DIRECT_OBJC_ISA_USAGE = YES_ERROR;
				CLANG_WARN_DOCUMENTATION_COMMENTS = YES;
				CLANG_WARN_EMPTY_BODY = YES;
				CLANG_WARN_ENUM_CONVERSION = YES;
				CLANG_WARN_INFINITE_RECURSION = YES;
				CLANG_WARN_INT_CONVERSION = YES;
				CLANG_WARN_NON_LITERAL_NULL_CONVERSION = YES;
				CLANG_WARN_OBJC_IMPLICIT_RETAIN_SELF = YES;
				CLANG_WARN_OBJC_LITERAL_CONVERSION = YES;
				CLANG_WARN_OBJC_ROOT_CLASS = YES_ERROR;
				CLANG_WARN_RANGE_LOOP_ANALYSIS = YES;
				CLANG_WARN_STRICT_PROTOTYPES = YES;
				CLANG_WARN_SUSPICIOUS_MOVE = YES;
				CLANG_WARN_UNGUARDED_AVAILABILITY = YES_AGGRESSIVE;
				CLANG_WARN_UNREACHABLE_CODE = YES;
				CLANG_WARN__DUPLICATE_METHOD_MATCH = YES;
				COPY_PHASE_STRIP = NO;
				DEBUG_INFORMATION_FORMAT = "dwarf-with-dsym";
				ENABLE_NS_ASSERTIONS = NO;
				ENABLE_STRICT_OBJC_MSGSEND = YES;
				GCC_C_LANGUAGE_STANDARD = gnu11;
				GCC_NO_COMMON_BLOCKS = YES;
				GCC_WARN_64_TO_32_BIT_CONVERSION = YES;
				GCC_WARN_ABOUT_RETURN_TYPE = YES_ERROR;
				GCC_WARN_UNDECLARED_SELECTOR = YES;
				GCC_WARN_UNINITIALIZED_AUTOS = YES_AGGRESSIVE;
				GCC_WARN_UNUSED_FUNCTION = YES;
				GCC_WARN_UNUSED_VARIABLE = YES;
				IPHONEOS_DEPLOYMENT_TARGET = 13.4;
				MTL_ENABLE_DEBUG_INFO = NO;
				MTL_FAST_MATH = YES;
				SDKROOT = iphoneos;
				SWIFT_COMPILATION_MODE = wholemodule;
				SWIFT_OPTIMIZATION_LEVEL = "-O";
				VALIDATE_PRODUCT = YES;
			};
			name = Release;
		};
		67EFDC432464889900531D93 /* Debug */ = {
			isa = XCBuildConfiguration;
			baseConfigurationReference = 05B0007EB6DCC5CF177B0372 /* Pods-CheckIt.debug.xcconfig */;
			buildSettings = {
				ASSETCATALOG_COMPILER_APPICON_NAME = AppIcon;
				CODE_SIGN_STYLE = Automatic;
				DEVELOPMENT_TEAM = D73DG79L79;
				INFOPLIST_FILE = CheckIt/Info.plist;
				LD_RUNPATH_SEARCH_PATHS = (
					"$(inherited)",
					"@executable_path/Frameworks",
				);
				PRODUCT_BUNDLE_IDENTIFIER = dev.taylorpatterson.CheckIt;
				PRODUCT_NAME = "$(TARGET_NAME)";
				SWIFT_VERSION = 5.0;
				TARGETED_DEVICE_FAMILY = "1,2";
			};
			name = Debug;
		};
		67EFDC442464889900531D93 /* Release */ = {
			isa = XCBuildConfiguration;
			baseConfigurationReference = FDA069BDC8E087DF99932721 /* Pods-CheckIt.release.xcconfig */;
			buildSettings = {
				ASSETCATALOG_COMPILER_APPICON_NAME = AppIcon;
				CODE_SIGN_STYLE = Automatic;
				DEVELOPMENT_TEAM = D73DG79L79;
				INFOPLIST_FILE = CheckIt/Info.plist;
				LD_RUNPATH_SEARCH_PATHS = (
					"$(inherited)",
					"@executable_path/Frameworks",
				);
				PRODUCT_BUNDLE_IDENTIFIER = dev.taylorpatterson.CheckIt;
				PRODUCT_NAME = "$(TARGET_NAME)";
				SWIFT_VERSION = 5.0;
				TARGETED_DEVICE_FAMILY = "1,2";
			};
			name = Release;
		};
/* End XCBuildConfiguration section */

/* Begin XCConfigurationList section */
		67EFDC292464889800531D93 /* Build configuration list for PBXProject "CheckIt" */ = {
			isa = XCConfigurationList;
			buildConfigurations = (
				67EFDC402464889900531D93 /* Debug */,
				67EFDC412464889900531D93 /* Release */,
			);
			defaultConfigurationIsVisible = 0;
			defaultConfigurationName = Release;
		};
		67EFDC422464889900531D93 /* Build configuration list for PBXNativeTarget "CheckIt" */ = {
			isa = XCConfigurationList;
			buildConfigurations = (
				67EFDC432464889900531D93 /* Debug */,
				67EFDC442464889900531D93 /* Release */,
			);
			defaultConfigurationIsVisible = 0;
			defaultConfigurationName = Release;
		};
/* End XCConfigurationList section */
	};
	rootObject = 67EFDC262464889800531D93 /* Project object */;
}
